<Solution>
  <Folder Name="/src/">
    <Project Path="src/Promaxx2.Automation.Core/Promaxx2.Automation.Core.csproj" />
    <Project Path="src/Promaxx2.Automation.Data/Promaxx2.Automation.Data.csproj" />
    <Project Path="src/Promaxx2.Automation.Hub/Promaxx2.Automation.Hub.csproj" />
    <Project Path="src/Promaxx2.Automation.Pages.App/Promaxx2.Automation.Pages.App.csproj" />
    <Project Path="src/Promaxx2.Automation.Pages.Pos/Promaxx2.Automation.Pages.Pos.csproj" />
    <Project Path="src/Promaxx2.Automation.Runner/Promaxx2.Automation.Runner.csproj" />
  </Folder>
  <Folder Name="/tests/">
    <Project Path="tests/Promaxx2.Automation.Tests/Promaxx2.Automation.Tests.csproj" />
  </Folder>
</Solution>
